
Microsoft Visual Studio Solution File, Format Version 12.00
# Visual Studio Version 16
VisualStudioVersion = 16.0.29215.179
MinimumVisualStudioVersion = 10.0.40219.1
Project("{FAE04EC0-301F-11D3-BF4B-00C04F79EFBC}") = "Proftaak-Orientatie-Game", "Proftaak-Orientatie-Game\Proftaak-Orientatie-Game.csproj", "{A6DDB832-8455-4FAF-B9E1-A8ACDB5505FA}"
EndProject
Global
	GlobalSection(SolutionConfigurationPlatforms) = preSolution
		Debug|Any CPU = Debug|Any CPU
		Release|Any CPU = Release|Any CPU
	EndGlobalSection
	GlobalSection(ProjectConfigurationPlatforms) = postSolution
		{A6DDB832-8455-4FAF-B9E1-A8ACDB5505FA}.Debug|Any CPU.ActiveCfg = Debug|Any CPU
		{A6DDB832-8455-4FAF-B9E1-A8ACDB5505FA}.Debug|Any CPU.Build.0 = Debug|Any CPU
		{A6DDB832-8455-4FAF-B9E1-A8ACDB5505FA}.Release|Any CPU.ActiveCfg = Release|Any CPU
		{A6DDB832-8455-4FAF-B9E1-A8ACDB5505FA}.Release|Any CPU.Build.0 = Release|Any CPU
	EndGlobalSection
	GlobalSection(SolutionProperties) = preSolution
		HideSolutionNode = FALSE
	EndGlobalSection
	GlobalSection(ExtensibilityGlobals) = postSolution
		SolutionGuid = {A3F28B38-F8A0-44E3-B3CA-1B880B09C72D}
	EndGlobalSection
EndGlobal
